
Microsoft Visual Studio Solution File, Format Version 12.00
Project("{FAE04EC0-301F-11D3-BF4B-00C04F79EFBC}") = "QueryPressure", "QueryPressure\QueryPressure.csproj", "{34BC8166-37D5-4A30-92AD-6D670FD69304}"
EndProject
Project("{FAE04EC0-301F-11D3-BF4B-00C04F79EFBC}") = "QueryPressure.Tests", "QueryPressure.Tests\QueryPressure.Tests.csproj", "{B1822009-3A33-4AAD-900D-23D68556793E}"
EndProject
Project("{FAE04EC0-301F-11D3-BF4B-00C04F79EFBC}") = "QueryPressure.Core", "QueryPressure.Core\QueryPressure.Core.csproj", "{140BC4FE-3185-42BE-B95F-7C0C43A3FB77}"
EndProject
Project("{FAE04EC0-301F-11D3-BF4B-00C04F79EFBC}") = "QueryPressure.App", "QueryPressure.App\QueryPressure.App.csproj", "{B8D35614-1BA7-4BF6-9DE6-10879F32AF59}"
EndProject
Project("{FAE04EC0-301F-11D3-BF4B-00C04F79EFBC}") = "QueryPressure.Postgres.Core", "QueryPressure.Postgres.Core\QueryPressure.Postgres.Core.csproj", "{5EF4D68D-5ACE-49DC-9616-0C36F475E714}"
EndProject
Project("{FAE04EC0-301F-11D3-BF4B-00C04F79EFBC}") = "QueryPressure.Postgres.App", "QueryPressure.Postgres.App\QueryPressure.Postgres.App.csproj", "{0B0824EA-FB04-4A57-826C-1C378003CF07}"
EndProject
Project("{FAE04EC0-301F-11D3-BF4B-00C04F79EFBC}") = "QueryPressure.MySql.App", "QueryPressure.MySql.App\QueryPressure.MySql.App.csproj", "{33A7D2B1-F3D0-41B5-A4E4-5224D799F37B}"
EndProject
Project("{FAE04EC0-301F-11D3-BF4B-00C04F79EFBC}") = "QueryPressure.MySql.Core", "QueryPressure.MySql.Core\QueryPressure.MySql.Core.csproj", "{B38C102F-048B-43F6-9709-35A0485476F3}"
EndProject
Project("{FAE04EC0-301F-11D3-BF4B-00C04F79EFBC}") = "QueryPressure.Redis.App", "QueryPressure.Redis.App\QueryPressure.Redis.App.csproj", "{736629A2-2676-4677-825F-D2F9C360E409}"
EndProject
Project("{FAE04EC0-301F-11D3-BF4B-00C04F79EFBC}") = "QueryPressure.Redis.Core", "QueryPressure.Redis.Core\QueryPressure.Redis.Core.csproj", "{A20A0FF8-EBB5-477D-AC4A-6083F0072FFA}"
EndProject
Project("{2150E333-8FDC-42A3-9474-1A3956D46DE8}") = "Plugins", "Plugins", "{CD10134A-2A5F-4B75-B0CE-A5DF0A3D5C65}"
EndProject
Project("{2150E333-8FDC-42A3-9474-1A3956D46DE8}") = "Connectors", "Connectors", "{5AE2B88E-19DF-41F2-BD34-A7788375DB30}"
EndProject
Project("{2150E333-8FDC-42A3-9474-1A3956D46DE8}") = "MySql", "MySql", "{CD012F6C-CC81-4D51-A597-8A314E97A9B6}"
EndProject
Project("{2150E333-8FDC-42A3-9474-1A3956D46DE8}") = "Postgres", "Postgres", "{C759204A-F463-45E7-91D9-ACCAB45EAC06}"
EndProject
Project("{2150E333-8FDC-42A3-9474-1A3956D46DE8}") = "SqlServer", "SqlServer", "{93FCB1C1-3959-4AC8-A8D4-BC6019B1992D}"
EndProject
Project("{FAE04EC0-301F-11D3-BF4B-00C04F79EFBC}") = "QueryPressure.SqlServer.App", "QueryPressure.SqlServer.App\QueryPressure.SqlServer.App.csproj", "{CDFCD44E-3CC8-4F93-B3D3-E1E13781FE3B}"
EndProject
Project("{FAE04EC0-301F-11D3-BF4B-00C04F79EFBC}") = "QueryPressure.SqlServer.Core", "QueryPressure.SqlServer.Core\QueryPressure.SqlServer.Core.csproj", "{0FE8C8D0-63FE-49EB-9A1A-964753C581BC}"
EndProject
Project("{2150E333-8FDC-42A3-9474-1A3956D46DE8}") = "Redis", "Redis", "{F57CE5C8-9D3F-49FE-8D1B-B3D8962CC96D}"
EndProject
Global
	GlobalSection(SolutionConfigurationPlatforms) = preSolution
		Debug|Any CPU = Debug|Any CPU
		Release|Any CPU = Release|Any CPU
	EndGlobalSection
	GlobalSection(ProjectConfigurationPlatforms) = postSolution
		{34BC8166-37D5-4A30-92AD-6D670FD69304}.Debug|Any CPU.ActiveCfg = Debug|Any CPU
		{34BC8166-37D5-4A30-92AD-6D670FD69304}.Debug|Any CPU.Build.0 = Debug|Any CPU
		{34BC8166-37D5-4A30-92AD-6D670FD69304}.Release|Any CPU.ActiveCfg = Release|Any CPU
		{34BC8166-37D5-4A30-92AD-6D670FD69304}.Release|Any CPU.Build.0 = Release|Any CPU
		{B1822009-3A33-4AAD-900D-23D68556793E}.Debug|Any CPU.ActiveCfg = Debug|Any CPU
		{B1822009-3A33-4AAD-900D-23D68556793E}.Debug|Any CPU.Build.0 = Debug|Any CPU
		{B1822009-3A33-4AAD-900D-23D68556793E}.Release|Any CPU.ActiveCfg = Release|Any CPU
		{B1822009-3A33-4AAD-900D-23D68556793E}.Release|Any CPU.Build.0 = Release|Any CPU
		{140BC4FE-3185-42BE-B95F-7C0C43A3FB77}.Debug|Any CPU.ActiveCfg = Debug|Any CPU
		{140BC4FE-3185-42BE-B95F-7C0C43A3FB77}.Debug|Any CPU.Build.0 = Debug|Any CPU
		{140BC4FE-3185-42BE-B95F-7C0C43A3FB77}.Release|Any CPU.ActiveCfg = Release|Any CPU
		{140BC4FE-3185-42BE-B95F-7C0C43A3FB77}.Release|Any CPU.Build.0 = Release|Any CPU
		{B8D35614-1BA7-4BF6-9DE6-10879F32AF59}.Debug|Any CPU.ActiveCfg = Debug|Any CPU
		{B8D35614-1BA7-4BF6-9DE6-10879F32AF59}.Debug|Any CPU.Build.0 = Debug|Any CPU
		{B8D35614-1BA7-4BF6-9DE6-10879F32AF59}.Release|Any CPU.ActiveCfg = Release|Any CPU
		{B8D35614-1BA7-4BF6-9DE6-10879F32AF59}.Release|Any CPU.Build.0 = Release|Any CPU
		{5EF4D68D-5ACE-49DC-9616-0C36F475E714}.Debug|Any CPU.ActiveCfg = Debug|Any CPU
		{5EF4D68D-5ACE-49DC-9616-0C36F475E714}.Debug|Any CPU.Build.0 = Debug|Any CPU
		{5EF4D68D-5ACE-49DC-9616-0C36F475E714}.Release|Any CPU.ActiveCfg = Release|Any CPU
		{5EF4D68D-5ACE-49DC-9616-0C36F475E714}.Release|Any CPU.Build.0 = Release|Any CPU
		{0B0824EA-FB04-4A57-826C-1C378003CF07}.Debug|Any CPU.ActiveCfg = Debug|Any CPU
		{0B0824EA-FB04-4A57-826C-1C378003CF07}.Debug|Any CPU.Build.0 = Debug|Any CPU
		{0B0824EA-FB04-4A57-826C-1C378003CF07}.Release|Any CPU.ActiveCfg = Release|Any CPU
		{0B0824EA-FB04-4A57-826C-1C378003CF07}.Release|Any CPU.Build.0 = Release|Any CPU
		{33A7D2B1-F3D0-41B5-A4E4-5224D799F37B}.Debug|Any CPU.ActiveCfg = Debug|Any CPU
		{33A7D2B1-F3D0-41B5-A4E4-5224D799F37B}.Debug|Any CPU.Build.0 = Debug|Any CPU
		{33A7D2B1-F3D0-41B5-A4E4-5224D799F37B}.Release|Any CPU.ActiveCfg = Release|Any CPU
		{33A7D2B1-F3D0-41B5-A4E4-5224D799F37B}.Release|Any CPU.Build.0 = Release|Any CPU
		{B38C102F-048B-43F6-9709-35A0485476F3}.Debug|Any CPU.ActiveCfg = Debug|Any CPU
		{B38C102F-048B-43F6-9709-35A0485476F3}.Debug|Any CPU.Build.0 = Debug|Any CPU
		{B38C102F-048B-43F6-9709-35A0485476F3}.Release|Any CPU.ActiveCfg = Release|Any CPU
		{B38C102F-048B-43F6-9709-35A0485476F3}.Release|Any CPU.Build.0 = Release|Any CPU
		{CDFCD44E-3CC8-4F93-B3D3-E1E13781FE3B}.Debug|Any CPU.ActiveCfg = Debug|Any CPU
		{CDFCD44E-3CC8-4F93-B3D3-E1E13781FE3B}.Debug|Any CPU.Build.0 = Debug|Any CPU
		{CDFCD44E-3CC8-4F93-B3D3-E1E13781FE3B}.Release|Any CPU.ActiveCfg = Release|Any CPU
		{CDFCD44E-3CC8-4F93-B3D3-E1E13781FE3B}.Release|Any CPU.Build.0 = Release|Any CPU
		{0FE8C8D0-63FE-49EB-9A1A-964753C581BC}.Debug|Any CPU.ActiveCfg = Debug|Any CPU
		{0FE8C8D0-63FE-49EB-9A1A-964753C581BC}.Debug|Any CPU.Build.0 = Debug|Any CPU
		{0FE8C8D0-63FE-49EB-9A1A-964753C581BC}.Release|Any CPU.ActiveCfg = Release|Any CPU
		{0FE8C8D0-63FE-49EB-9A1A-964753C581BC}.Release|Any CPU.Build.0 = Release|Any CPU
		{736629A2-2676-4677-825F-D2F9C360E409}.Debug|Any CPU.ActiveCfg = Debug|Any CPU
		{736629A2-2676-4677-825F-D2F9C360E409}.Debug|Any CPU.Build.0 = Debug|Any CPU
		{736629A2-2676-4677-825F-D2F9C360E409}.Release|Any CPU.ActiveCfg = Release|Any CPU
		{736629A2-2676-4677-825F-D2F9C360E409}.Release|Any CPU.Build.0 = Release|Any CPU
		{A20A0FF8-EBB5-477D-AC4A-6083F0072FFA}.Debug|Any CPU.ActiveCfg = Debug|Any CPU
		{A20A0FF8-EBB5-477D-AC4A-6083F0072FFA}.Debug|Any CPU.Build.0 = Debug|Any CPU
		{A20A0FF8-EBB5-477D-AC4A-6083F0072FFA}.Release|Any CPU.ActiveCfg = Release|Any CPU
		{A20A0FF8-EBB5-477D-AC4A-6083F0072FFA}.Release|Any CPU.Build.0 = Release|Any CPU
	EndGlobalSection
	GlobalSection(NestedProjects) = preSolution
		{5AE2B88E-19DF-41F2-BD34-A7788375DB30} = {CD10134A-2A5F-4B75-B0CE-A5DF0A3D5C65}
		{CD012F6C-CC81-4D51-A597-8A314E97A9B6} = {5AE2B88E-19DF-41F2-BD34-A7788375DB30}
		{C759204A-F463-45E7-91D9-ACCAB45EAC06} = {5AE2B88E-19DF-41F2-BD34-A7788375DB30}
		{33A7D2B1-F3D0-41B5-A4E4-5224D799F37B} = {CD012F6C-CC81-4D51-A597-8A314E97A9B6}
		{B38C102F-048B-43F6-9709-35A0485476F3} = {CD012F6C-CC81-4D51-A597-8A314E97A9B6}
		{0B0824EA-FB04-4A57-826C-1C378003CF07} = {C759204A-F463-45E7-91D9-ACCAB45EAC06}
		{5EF4D68D-5ACE-49DC-9616-0C36F475E714} = {C759204A-F463-45E7-91D9-ACCAB45EAC06}
		{93FCB1C1-3959-4AC8-A8D4-BC6019B1992D} = {5AE2B88E-19DF-41F2-BD34-A7788375DB30}
		{CDFCD44E-3CC8-4F93-B3D3-E1E13781FE3B} = {93FCB1C1-3959-4AC8-A8D4-BC6019B1992D}
		{0FE8C8D0-63FE-49EB-9A1A-964753C581BC} = {93FCB1C1-3959-4AC8-A8D4-BC6019B1992D}
		{F57CE5C8-9D3F-49FE-8D1B-B3D8962CC96D} = {5AE2B88E-19DF-41F2-BD34-A7788375DB30}
		{A20A0FF8-EBB5-477D-AC4A-6083F0072FFA} = {F57CE5C8-9D3F-49FE-8D1B-B3D8962CC96D}
		{736629A2-2676-4677-825F-D2F9C360E409} = {F57CE5C8-9D3F-49FE-8D1B-B3D8962CC96D}
	EndGlobalSection
EndGlobal
