Microsoft Visual Studio Solution File, Format Version 12.00
# Visual Studio Version 17
VisualStudioVersion = 17.4.33110.190
MinimumVisualStudioVersion = 10.0.40219.1
Project("{9A19103F-16F7-4668-BE54-9A1E7A4F7556}") = "QueryPressure", "QueryPressure\QueryPressure.csproj", "{34BC8166-37D5-4A30-92AD-6D670FD69304}"
EndProject
Project("{9A19103F-16F7-4668-BE54-9A1E7A4F7556}") = "QueryPressure.Tests", "QueryPressure.Tests\QueryPressure.Tests.csproj", "{B1822009-3A33-4AAD-900D-23D68556793E}"
EndProject
Project("{9A19103F-16F7-4668-BE54-9A1E7A4F7556}") = "QueryPressure.Core", "QueryPressure.Core\QueryPressure.Core.csproj", "{140BC4FE-3185-42BE-B95F-7C0C43A3FB77}"
EndProject
Project("{9A19103F-16F7-4668-BE54-9A1E7A4F7556}") = "QueryPressure.App", "QueryPressure.App\QueryPressure.App.csproj", "{B8D35614-1BA7-4BF6-9DE6-10879F32AF59}"
EndProject
Project("{9A19103F-16F7-4668-BE54-9A1E7A4F7556}") = "QueryPressure.Postgres.Core", "QueryPressure.Postgres.Core\QueryPressure.Postgres.Core.csproj", "{5EF4D68D-5ACE-49DC-9616-0C36F475E714}"
EndProject
Project("{9A19103F-16F7-4668-BE54-9A1E7A4F7556}") = "QueryPressure.Postgres.App", "QueryPressure.Postgres.App\QueryPressure.Postgres.App.csproj", "{0B0824EA-FB04-4A57-826C-1C378003CF07}"
EndProject
Project("{9A19103F-16F7-4668-BE54-9A1E7A4F7556}") = "QueryPressure.MySql.App", "QueryPressure.MySql.App\QueryPressure.MySql.App.csproj", "{33A7D2B1-F3D0-41B5-A4E4-5224D799F37B}"
EndProject
Project("{9A19103F-16F7-4668-BE54-9A1E7A4F7556}") = "QueryPressure.MySql.Core", "QueryPressure.MySql.Core\QueryPressure.MySql.Core.csproj", "{B38C102F-048B-43F6-9709-35A0485476F3}"
EndProject
Project("{9A19103F-16F7-4668-BE54-9A1E7A4F7556}") = "QueryPressure.Redis.App", "QueryPressure.Redis.App\QueryPressure.Redis.App.csproj", "{736629A2-2676-4677-825F-D2F9C360E409}"
EndProject
Project("{9A19103F-16F7-4668-BE54-9A1E7A4F7556}") = "QueryPressure.Redis.Core", "QueryPressure.Redis.Core\QueryPressure.Redis.Core.csproj", "{A20A0FF8-EBB5-477D-AC4A-6083F0072FFA}"
EndProject
Project("{2150E333-8FDC-42A3-9474-1A3956D46DE8}") = "Plugins", "Plugins", "{CD10134A-2A5F-4B75-B0CE-A5DF0A3D5C65}"
EndProject
Project("{2150E333-8FDC-42A3-9474-1A3956D46DE8}") = "Connectors", "Connectors", "{5AE2B88E-19DF-41F2-BD34-A7788375DB30}"
EndProject
Project("{2150E333-8FDC-42A3-9474-1A3956D46DE8}") = "MySql", "MySql", "{CD012F6C-CC81-4D51-A597-8A314E97A9B6}"
EndProject
Project("{2150E333-8FDC-42A3-9474-1A3956D46DE8}") = "Postgres", "Postgres", "{C759204A-F463-45E7-91D9-ACCAB45EAC06}"
EndProject
Project("{2150E333-8FDC-42A3-9474-1A3956D46DE8}") = "SqlServer", "SqlServer", "{93FCB1C1-3959-4AC8-A8D4-BC6019B1992D}"
EndProject
Project("{9A19103F-16F7-4668-BE54-9A1E7A4F7556}") = "QueryPressure.SqlServer.App", "QueryPressure.SqlServer.App\QueryPressure.SqlServer.App.csproj", "{CDFCD44E-3CC8-4F93-B3D3-E1E13781FE3B}"
EndProject
Project("{9A19103F-16F7-4668-BE54-9A1E7A4F7556}") = "QueryPressure.SqlServer.Core", "QueryPressure.SqlServer.Core\QueryPressure.SqlServer.Core.csproj", "{0FE8C8D0-63FE-49EB-9A1A-964753C581BC}"
EndProject
Project("{2150E333-8FDC-42A3-9474-1A3956D46DE8}") = "Redis", "Redis", "{F57CE5C8-9D3F-49FE-8D1B-B3D8962CC96D}"
EndProject
Project("{2150E333-8FDC-42A3-9474-1A3956D46DE8}") = "Metrics", "Metrics", "{ABF63B8F-C981-4ABB-94CA-DC8B06F689AD}"
EndProject
Project("{9A19103F-16F7-4668-BE54-9A1E7A4F7556}") = "QueryPressure.Metrics.App", "QueryPressure.Metrics.App\QueryPressure.Metrics.App.csproj", "{26783B1B-F475-4426-9026-42D43E11A18F}"
EndProject
Project("{9A19103F-16F7-4668-BE54-9A1E7A4F7556}") = "QueryPressure.Metrics.Core", "QueryPressure.Metrics.Core\QueryPressure.Metrics.Core.csproj", "{BC684FF9-5D13-47A0-A3A4-EB341410C56B}"
EndProject
Project("{2150E333-8FDC-42A3-9474-1A3956D46DE8}") = "MongoDB", "MongoDB", "{6A2322DA-5E94-45E0-821C-92B3D83754D0}"
EndProject
Project("{9A19103F-16F7-4668-BE54-9A1E7A4F7556}") = "QueryPressure.MongoDB.Core", "QueryPressure.MongoDB.Core\QueryPressure.MongoDB.Core.csproj", "{48FE2749-2BAB-42EA-8ACB-9715D7BC7CEE}"
EndProject
Project("{9A19103F-16F7-4668-BE54-9A1E7A4F7556}") = "QueryPressure.MongoDB.App", "QueryPressure.MongoDB.App\QueryPressure.MongoDB.App.csproj", "{4B20ECA8-FEEA-4FC5-AE5F-C7DEF483C5D6}"
EndProject
Project("{9A19103F-16F7-4668-BE54-9A1E7A4F7556}") = "QueryPressure.UI", "QueryPressure.UI\QueryPressure.UI.csproj", "{54848272-BC4A-4C86-BE62-C806624F7357}"
EndProject
Project("{9A19103F-16F7-4668-BE54-9A1E7A4F7556}") = "QueryPressure.WinUI", "QueryPressure.WinUI\QueryPressure.WinUI.csproj", "{C38FA627-BB11-459E-AF46-2F553B4B0613}"
EndProject
Global
	GlobalSection(SolutionConfigurationPlatforms) = preSolution
		Debug|Any CPU = Debug|Any CPU
		Release|Any CPU = Release|Any CPU
	EndGlobalSection
	GlobalSection(ProjectConfigurationPlatforms) = postSolution
		{34BC8166-37D5-4A30-92AD-6D670FD69304}.Debug|Any CPU.ActiveCfg = Debug|Any CPU
		{34BC8166-37D5-4A30-92AD-6D670FD69304}.Debug|Any CPU.Build.0 = Debug|Any CPU
		{34BC8166-37D5-4A30-92AD-6D670FD69304}.Release|Any CPU.ActiveCfg = Release|Any CPU
		{34BC8166-37D5-4A30-92AD-6D670FD69304}.Release|Any CPU.Build.0 = Release|Any CPU
		{B1822009-3A33-4AAD-900D-23D68556793E}.Debug|Any CPU.ActiveCfg = Debug|Any CPU
		{B1822009-3A33-4AAD-900D-23D68556793E}.Debug|Any CPU.Build.0 = Debug|Any CPU
		{B1822009-3A33-4AAD-900D-23D68556793E}.Release|Any CPU.ActiveCfg = Release|Any CPU
		{B1822009-3A33-4AAD-900D-23D68556793E}.Release|Any CPU.Build.0 = Release|Any CPU
		{140BC4FE-3185-42BE-B95F-7C0C43A3FB77}.Debug|Any CPU.ActiveCfg = Debug|Any CPU
		{140BC4FE-3185-42BE-B95F-7C0C43A3FB77}.Debug|Any CPU.Build.0 = Debug|Any CPU
		{140BC4FE-3185-42BE-B95F-7C0C43A3FB77}.Release|Any CPU.ActiveCfg = Release|Any CPU
		{140BC4FE-3185-42BE-B95F-7C0C43A3FB77}.Release|Any CPU.Build.0 = Release|Any CPU
		{B8D35614-1BA7-4BF6-9DE6-10879F32AF59}.Debug|Any CPU.ActiveCfg = Debug|Any CPU
		{B8D35614-1BA7-4BF6-9DE6-10879F32AF59}.Debug|Any CPU.Build.0 = Debug|Any CPU
		{B8D35614-1BA7-4BF6-9DE6-10879F32AF59}.Release|Any CPU.ActiveCfg = Release|Any CPU
		{B8D35614-1BA7-4BF6-9DE6-10879F32AF59}.Release|Any CPU.Build.0 = Release|Any CPU
		{5EF4D68D-5ACE-49DC-9616-0C36F475E714}.Debug|Any CPU.ActiveCfg = Debug|Any CPU
		{5EF4D68D-5ACE-49DC-9616-0C36F475E714}.Debug|Any CPU.Build.0 = Debug|Any CPU
		{5EF4D68D-5ACE-49DC-9616-0C36F475E714}.Release|Any CPU.ActiveCfg = Release|Any CPU
		{5EF4D68D-5ACE-49DC-9616-0C36F475E714}.Release|Any CPU.Build.0 = Release|Any CPU
		{0B0824EA-FB04-4A57-826C-1C378003CF07}.Debug|Any CPU.ActiveCfg = Debug|Any CPU
		{0B0824EA-FB04-4A57-826C-1C378003CF07}.Debug|Any CPU.Build.0 = Debug|Any CPU
		{0B0824EA-FB04-4A57-826C-1C378003CF07}.Release|Any CPU.ActiveCfg = Release|Any CPU
		{0B0824EA-FB04-4A57-826C-1C378003CF07}.Release|Any CPU.Build.0 = Release|Any CPU
		{33A7D2B1-F3D0-41B5-A4E4-5224D799F37B}.Debug|Any CPU.ActiveCfg = Debug|Any CPU
		{33A7D2B1-F3D0-41B5-A4E4-5224D799F37B}.Debug|Any CPU.Build.0 = Debug|Any CPU
		{33A7D2B1-F3D0-41B5-A4E4-5224D799F37B}.Release|Any CPU.ActiveCfg = Release|Any CPU
		{33A7D2B1-F3D0-41B5-A4E4-5224D799F37B}.Release|Any CPU.Build.0 = Release|Any CPU
		{B38C102F-048B-43F6-9709-35A0485476F3}.Debug|Any CPU.ActiveCfg = Debug|Any CPU
		{B38C102F-048B-43F6-9709-35A0485476F3}.Debug|Any CPU.Build.0 = Debug|Any CPU
		{B38C102F-048B-43F6-9709-35A0485476F3}.Release|Any CPU.ActiveCfg = Release|Any CPU
		{B38C102F-048B-43F6-9709-35A0485476F3}.Release|Any CPU.Build.0 = Release|Any CPU
		{736629A2-2676-4677-825F-D2F9C360E409}.Debug|Any CPU.ActiveCfg = Debug|Any CPU
		{736629A2-2676-4677-825F-D2F9C360E409}.Debug|Any CPU.Build.0 = Debug|Any CPU
		{736629A2-2676-4677-825F-D2F9C360E409}.Release|Any CPU.ActiveCfg = Release|Any CPU
		{736629A2-2676-4677-825F-D2F9C360E409}.Release|Any CPU.Build.0 = Release|Any CPU
		{A20A0FF8-EBB5-477D-AC4A-6083F0072FFA}.Debug|Any CPU.ActiveCfg = Debug|Any CPU
		{A20A0FF8-EBB5-477D-AC4A-6083F0072FFA}.Debug|Any CPU.Build.0 = Debug|Any CPU
		{A20A0FF8-EBB5-477D-AC4A-6083F0072FFA}.Release|Any CPU.ActiveCfg = Release|Any CPU
		{A20A0FF8-EBB5-477D-AC4A-6083F0072FFA}.Release|Any CPU.Build.0 = Release|Any CPU
		{CDFCD44E-3CC8-4F93-B3D3-E1E13781FE3B}.Debug|Any CPU.ActiveCfg = Debug|Any CPU
		{CDFCD44E-3CC8-4F93-B3D3-E1E13781FE3B}.Debug|Any CPU.Build.0 = Debug|Any CPU
		{CDFCD44E-3CC8-4F93-B3D3-E1E13781FE3B}.Release|Any CPU.ActiveCfg = Release|Any CPU
		{CDFCD44E-3CC8-4F93-B3D3-E1E13781FE3B}.Release|Any CPU.Build.0 = Release|Any CPU
		{0FE8C8D0-63FE-49EB-9A1A-964753C581BC}.Debug|Any CPU.ActiveCfg = Debug|Any CPU
		{0FE8C8D0-63FE-49EB-9A1A-964753C581BC}.Debug|Any CPU.Build.0 = Debug|Any CPU
		{0FE8C8D0-63FE-49EB-9A1A-964753C581BC}.Release|Any CPU.ActiveCfg = Release|Any CPU
		{0FE8C8D0-63FE-49EB-9A1A-964753C581BC}.Release|Any CPU.Build.0 = Release|Any CPU
		{26783B1B-F475-4426-9026-42D43E11A18F}.Debug|Any CPU.ActiveCfg = Debug|Any CPU
		{26783B1B-F475-4426-9026-42D43E11A18F}.Debug|Any CPU.Build.0 = Debug|Any CPU
		{26783B1B-F475-4426-9026-42D43E11A18F}.Release|Any CPU.ActiveCfg = Release|Any CPU
		{26783B1B-F475-4426-9026-42D43E11A18F}.Release|Any CPU.Build.0 = Release|Any CPU
		{BC684FF9-5D13-47A0-A3A4-EB341410C56B}.Debug|Any CPU.ActiveCfg = Debug|Any CPU
		{BC684FF9-5D13-47A0-A3A4-EB341410C56B}.Debug|Any CPU.Build.0 = Debug|Any CPU
		{BC684FF9-5D13-47A0-A3A4-EB341410C56B}.Release|Any CPU.ActiveCfg = Release|Any CPU
		{BC684FF9-5D13-47A0-A3A4-EB341410C56B}.Release|Any CPU.Build.0 = Release|Any CPU
		{48FE2749-2BAB-42EA-8ACB-9715D7BC7CEE}.Debug|Any CPU.ActiveCfg = Debug|Any CPU
		{48FE2749-2BAB-42EA-8ACB-9715D7BC7CEE}.Debug|Any CPU.Build.0 = Debug|Any CPU
		{48FE2749-2BAB-42EA-8ACB-9715D7BC7CEE}.Release|Any CPU.ActiveCfg = Release|Any CPU
		{48FE2749-2BAB-42EA-8ACB-9715D7BC7CEE}.Release|Any CPU.Build.0 = Release|Any CPU
		{4B20ECA8-FEEA-4FC5-AE5F-C7DEF483C5D6}.Debug|Any CPU.ActiveCfg = Debug|Any CPU
		{4B20ECA8-FEEA-4FC5-AE5F-C7DEF483C5D6}.Debug|Any CPU.Build.0 = Debug|Any CPU
		{4B20ECA8-FEEA-4FC5-AE5F-C7DEF483C5D6}.Release|Any CPU.ActiveCfg = Release|Any CPU
		{4B20ECA8-FEEA-4FC5-AE5F-C7DEF483C5D6}.Release|Any CPU.Build.0 = Release|Any CPU
		{54848272-BC4A-4C86-BE62-C806624F7357}.Debug|Any CPU.ActiveCfg = Debug|Any CPU
		{54848272-BC4A-4C86-BE62-C806624F7357}.Debug|Any CPU.Build.0 = Debug|Any CPU
		{54848272-BC4A-4C86-BE62-C806624F7357}.Release|Any CPU.ActiveCfg = Release|Any CPU
		{54848272-BC4A-4C86-BE62-C806624F7357}.Release|Any CPU.Build.0 = Release|Any CPU
		{C38FA627-BB11-459E-AF46-2F553B4B0613}.Debug|Any CPU.ActiveCfg = Debug|Any CPU
		{C38FA627-BB11-459E-AF46-2F553B4B0613}.Debug|Any CPU.Build.0 = Debug|Any CPU
		{C38FA627-BB11-459E-AF46-2F553B4B0613}.Release|Any CPU.ActiveCfg = Release|Any CPU
		{C38FA627-BB11-459E-AF46-2F553B4B0613}.Release|Any CPU.Build.0 = Release|Any CPU
	EndGlobalSection
	GlobalSection(SolutionProperties) = preSolution
		HideSolutionNode = FALSE
	EndGlobalSection
	GlobalSection(NestedProjects) = preSolution
		{5EF4D68D-5ACE-49DC-9616-0C36F475E714} = {C759204A-F463-45E7-91D9-ACCAB45EAC06}
		{0B0824EA-FB04-4A57-826C-1C378003CF07} = {C759204A-F463-45E7-91D9-ACCAB45EAC06}
		{33A7D2B1-F3D0-41B5-A4E4-5224D799F37B} = {CD012F6C-CC81-4D51-A597-8A314E97A9B6}
		{B38C102F-048B-43F6-9709-35A0485476F3} = {CD012F6C-CC81-4D51-A597-8A314E97A9B6}
		{736629A2-2676-4677-825F-D2F9C360E409} = {F57CE5C8-9D3F-49FE-8D1B-B3D8962CC96D}
		{A20A0FF8-EBB5-477D-AC4A-6083F0072FFA} = {F57CE5C8-9D3F-49FE-8D1B-B3D8962CC96D}
		{5AE2B88E-19DF-41F2-BD34-A7788375DB30} = {CD10134A-2A5F-4B75-B0CE-A5DF0A3D5C65}
		{CD012F6C-CC81-4D51-A597-8A314E97A9B6} = {5AE2B88E-19DF-41F2-BD34-A7788375DB30}
		{C759204A-F463-45E7-91D9-ACCAB45EAC06} = {5AE2B88E-19DF-41F2-BD34-A7788375DB30}
		{93FCB1C1-3959-4AC8-A8D4-BC6019B1992D} = {5AE2B88E-19DF-41F2-BD34-A7788375DB30}
		{CDFCD44E-3CC8-4F93-B3D3-E1E13781FE3B} = {93FCB1C1-3959-4AC8-A8D4-BC6019B1992D}
		{0FE8C8D0-63FE-49EB-9A1A-964753C581BC} = {93FCB1C1-3959-4AC8-A8D4-BC6019B1992D}
		{F57CE5C8-9D3F-49FE-8D1B-B3D8962CC96D} = {5AE2B88E-19DF-41F2-BD34-A7788375DB30}
		{ABF63B8F-C981-4ABB-94CA-DC8B06F689AD} = {CD10134A-2A5F-4B75-B0CE-A5DF0A3D5C65}
		{26783B1B-F475-4426-9026-42D43E11A18F} = {ABF63B8F-C981-4ABB-94CA-DC8B06F689AD}
		{BC684FF9-5D13-47A0-A3A4-EB341410C56B} = {ABF63B8F-C981-4ABB-94CA-DC8B06F689AD}
		{6A2322DA-5E94-45E0-821C-92B3D83754D0} = {5AE2B88E-19DF-41F2-BD34-A7788375DB30}
		{48FE2749-2BAB-42EA-8ACB-9715D7BC7CEE} = {6A2322DA-5E94-45E0-821C-92B3D83754D0}
		{4B20ECA8-FEEA-4FC5-AE5F-C7DEF483C5D6} = {6A2322DA-5E94-45E0-821C-92B3D83754D0}
	EndGlobalSection
	GlobalSection(ExtensibilityGlobals) = postSolution
		{BC684FF9-5D13-47A0-A3A4-EB341410C56B} = {ABF63B8F-C981-4ABB-94CA-DC8B06F689AD}
		{26783B1B-F475-4426-9026-42D43E11A18F} = {ABF63B8F-C981-4ABB-94CA-DC8B06F689AD}
		{ABF63B8F-C981-4ABB-94CA-DC8B06F689AD} = {CD10134A-2A5F-4B75-B0CE-A5DF0A3D5C65}
		{736629A2-2676-4677-825F-D2F9C360E409} = {F57CE5C8-9D3F-49FE-8D1B-B3D8962CC96D}
		{A20A0FF8-EBB5-477D-AC4A-6083F0072FFA} = {F57CE5C8-9D3F-49FE-8D1B-B3D8962CC96D}
		SolutionGuid = {2B298503-55F3-4399-B28B-10094D440CCB}
	EndGlobalSection
EndGlobal
