Microsoft Visual Studio Solution File, Format Version 12.00
Project("{9A19103F-16F7-4668-BE54-9A1E7A4F7556}") = "QueryPressure.Metrics.App", "libs\plugins\metrics\QueryPressure.Metrics\QueryPressure.Metrics.App\QueryPressure.Metrics.App.csproj", "{70C243C8-8912-46D0-AA54-722D6CF35696}"
EndProject
Project("{9A19103F-16F7-4668-BE54-9A1E7A4F7556}") = "QueryPressure.Metrics.Core", "libs\plugins\metrics\QueryPressure.Metrics\QueryPressure.Metrics.Core\QueryPressure.Metrics.Core.csproj", "{B0347C76-DC69-4220-9F32-13E813A5C484}"
EndProject
Project("{9A19103F-16F7-4668-BE54-9A1E7A4F7556}") = "QueryPressure.MongoDB.App", "libs\plugins\providers\QueryPressure.MongoDB\QueryPressure.MongoDB.App\QueryPressure.MongoDB.App.csproj", "{DF2265AB-83C9-429E-8EC4-28022FE18C99}"
EndProject
Project("{9A19103F-16F7-4668-BE54-9A1E7A4F7556}") = "QueryPressure.MongoDB.Core", "libs\plugins\providers\QueryPressure.MongoDB\QueryPressure.MongoDB.Core\QueryPressure.MongoDB.Core.csproj", "{86AE6DB5-EB9C-46B0-B181-2CA71F7A3E0C}"
EndProject
Project("{9A19103F-16F7-4668-BE54-9A1E7A4F7556}") = "QueryPressure.MySql.App", "libs\plugins\providers\QueryPressure.MySql\QueryPressure.MySql.App\QueryPressure.MySql.App.csproj", "{D548760E-1A71-4AEB-9D6F-999AC66D655E}"
EndProject
Project("{9A19103F-16F7-4668-BE54-9A1E7A4F7556}") = "QueryPressure.MySql.Core", "libs\plugins\providers\QueryPressure.MySql\QueryPressure.MySql.Core\QueryPressure.MySql.Core.csproj", "{13D5ECED-2CBA-4251-926B-CC5E75CD486A}"
EndProject
Project("{9A19103F-16F7-4668-BE54-9A1E7A4F7556}") = "QueryPressure.Postgres.App", "libs\plugins\providers\QueryPressure.Postgres\QueryPressure.Postgres.App\QueryPressure.Postgres.App.csproj", "{F3E6811C-FD5B-495C-8527-9FDD37AF14D6}"
EndProject
Project("{9A19103F-16F7-4668-BE54-9A1E7A4F7556}") = "QueryPressure.Postgres.Core", "libs\plugins\providers\QueryPressure.Postgres\QueryPressure.Postgres.Core\QueryPressure.Postgres.Core.csproj", "{48255112-7CB1-4067-B034-B8C915B527FB}"
EndProject
Project("{9A19103F-16F7-4668-BE54-9A1E7A4F7556}") = "QueryPressure.Redis.App", "libs\plugins\providers\QueryPressure.Redis\QueryPressure.Redis.App\QueryPressure.Redis.App.csproj", "{6762DA2C-0C6F-4BF8-9593-DFF3C7DF2782}"
EndProject
Project("{9A19103F-16F7-4668-BE54-9A1E7A4F7556}") = "QueryPressure.Redis.Core", "libs\plugins\providers\QueryPressure.Redis\QueryPressure.Redis.Core\QueryPressure.Redis.Core.csproj", "{5419A718-9BEF-481F-B523-90F57531E9D5}"
EndProject
Project("{9A19103F-16F7-4668-BE54-9A1E7A4F7556}") = "QueryPressure.SqlServer.App", "libs\plugins\providers\QueryPressure.SqlServer\QueryPressure.SqlServer.App\QueryPressure.SqlServer.App.csproj", "{D4DC1155-0628-4E21-9E6E-2C4B1D7FC9F7}"
EndProject
Project("{9A19103F-16F7-4668-BE54-9A1E7A4F7556}") = "QueryPressure.SqlServer.Core", "libs\plugins\providers\QueryPressure.SqlServer\QueryPressure.SqlServer.Core\QueryPressure.SqlServer.Core.csproj", "{4D699008-7708-42A5-8615-5FEB2C928BEB}"
EndProject
Project("{9A19103F-16F7-4668-BE54-9A1E7A4F7556}") = "QueryPressure.App", "libs\QueryPressure.App\QueryPressure.App.csproj", "{E1864F29-4115-442C-9852-1F64B1FAE5C6}"
EndProject
Project("{9A19103F-16F7-4668-BE54-9A1E7A4F7556}") = "QueryPressure.Core", "libs\QueryPressure.Core\QueryPressure.Core.csproj", "{CCF450B0-9661-4629-AC65-F527A0AA0ADB}"
EndProject
Project("{9A19103F-16F7-4668-BE54-9A1E7A4F7556}") = "QueryPressure.Tests", "tests\QueryPressure.Tests\QueryPressure.Tests.csproj", "{513CE66F-52B2-44A8-9D04-E1ABA9BB4D98}"
EndProject
Project("{9A19103F-16F7-4668-BE54-9A1E7A4F7556}") = "QueryPressure", "tools\QueryPressure\QueryPressure.csproj", "{F99E3855-466B-43E6-8E09-C7EA0842BADF}"
EndProject
Project("{9A19103F-16F7-4668-BE54-9A1E7A4F7556}") = "QueryPressure.UI", "web\QueryPressure.UI\QueryPressure.UI.csproj", "{B465A240-3523-40DD-B4E3-C996F8ECB4B4}"
EndProject
Project("{2150E333-8FDC-42A3-9474-1A3956D46DE8}") = "metrics ̸ QueryPressure.Metrics", "libs\plugins\metrics", "{14338C67-8F15-4617-9C92-1DDEB562E2DF}"
EndProject
Project("{2150E333-8FDC-42A3-9474-1A3956D46DE8}") = "QueryPressure.MongoDB", "libs\plugins\providers\QueryPressure.MongoDB", "{F4FEEB63-AAF5-4F8B-BBAE-A94A279138C9}"
EndProject
Project("{2150E333-8FDC-42A3-9474-1A3956D46DE8}") = "QueryPressure.MySql", "libs\plugins\providers\QueryPressure.MySql", "{2FB3C5E3-2A2F-41E6-A33C-46118A1AD9CF}"
EndProject
Project("{2150E333-8FDC-42A3-9474-1A3956D46DE8}") = "QueryPressure.Postgres", "libs\plugins\providers\QueryPressure.Postgres", "{238E26A7-1B0A-40C1-8017-400A65586FCE}"
EndProject
Project("{2150E333-8FDC-42A3-9474-1A3956D46DE8}") = "QueryPressure.Redis", "libs\plugins\providers\QueryPressure.Redis", "{3213E47E-AEC4-41FE-A16B-7B1A1B22EB4B}"
EndProject
Project("{2150E333-8FDC-42A3-9474-1A3956D46DE8}") = "QueryPressure.SqlServer", "libs\plugins\providers\QueryPressure.SqlServer", "{806A8C2F-06F3-4DE5-A0E3-777FCA044177}"
EndProject
Project("{2150E333-8FDC-42A3-9474-1A3956D46DE8}") = "providers", "libs\plugins\providers", "{59A869F4-A5FA-4FF9-B115-4CFC23DFCEB1}"
EndProject
Project("{2150E333-8FDC-42A3-9474-1A3956D46DE8}") = "plugins", "libs\plugins", "{786E9029-8585-4B25-BC82-98D370BD36D7}"
EndProject
Project("{2150E333-8FDC-42A3-9474-1A3956D46DE8}") = "libs", "libs", "{6346CB59-F29A-4BCF-899E-0BBC2DAE8620}"
EndProject
Project("{2150E333-8FDC-42A3-9474-1A3956D46DE8}") = "tests", "tests", "{D3A3A213-4F5B-4B2C-B473-C5E2693AF702}"
EndProject
Project("{2150E333-8FDC-42A3-9474-1A3956D46DE8}") = "tools", "tools", "{22E5C367-8821-4477-A345-49C736DD4426}"
EndProject
Project("{2150E333-8FDC-42A3-9474-1A3956D46DE8}") = "web", "web", "{6E8A7EDB-EA82-4B21-A4F3-2EB7D2F1B0B0}"
EndProject
Project("{2150E333-8FDC-42A3-9474-1A3956D46DE8}") = "src", "..\src", "{8D5DAF8E-DC0F-4E16-A6A7-CB6583865F34}"
EndProject
Global
	GlobalSection(SolutionConfigurationPlatforms) = preSolution
		Debug|Any CPU = Debug|Any CPU
		Release|Any CPU = Release|Any CPU
	EndGlobalSection
	GlobalSection(ProjectConfigurationPlatforms) = postSolution
		{70C243C8-8912-46D0-AA54-722D6CF35696}.Debug|Any CPU.ActiveCfg = Debug|Any CPU
		{70C243C8-8912-46D0-AA54-722D6CF35696}.Debug|Any CPU.Build.0 = Debug|Any CPU
		{70C243C8-8912-46D0-AA54-722D6CF35696}.Release|Any CPU.ActiveCfg = Release|Any CPU
		{70C243C8-8912-46D0-AA54-722D6CF35696}.Release|Any CPU.Build.0 = Release|Any CPU
		{B0347C76-DC69-4220-9F32-13E813A5C484}.Debug|Any CPU.ActiveCfg = Debug|Any CPU
		{B0347C76-DC69-4220-9F32-13E813A5C484}.Debug|Any CPU.Build.0 = Debug|Any CPU
		{B0347C76-DC69-4220-9F32-13E813A5C484}.Release|Any CPU.ActiveCfg = Release|Any CPU
		{B0347C76-DC69-4220-9F32-13E813A5C484}.Release|Any CPU.Build.0 = Release|Any CPU
		{DF2265AB-83C9-429E-8EC4-28022FE18C99}.Debug|Any CPU.ActiveCfg = Debug|Any CPU
		{DF2265AB-83C9-429E-8EC4-28022FE18C99}.Debug|Any CPU.Build.0 = Debug|Any CPU
		{DF2265AB-83C9-429E-8EC4-28022FE18C99}.Release|Any CPU.ActiveCfg = Release|Any CPU
		{DF2265AB-83C9-429E-8EC4-28022FE18C99}.Release|Any CPU.Build.0 = Release|Any CPU
		{86AE6DB5-EB9C-46B0-B181-2CA71F7A3E0C}.Debug|Any CPU.ActiveCfg = Debug|Any CPU
		{86AE6DB5-EB9C-46B0-B181-2CA71F7A3E0C}.Debug|Any CPU.Build.0 = Debug|Any CPU
		{86AE6DB5-EB9C-46B0-B181-2CA71F7A3E0C}.Release|Any CPU.ActiveCfg = Release|Any CPU
		{86AE6DB5-EB9C-46B0-B181-2CA71F7A3E0C}.Release|Any CPU.Build.0 = Release|Any CPU
		{D548760E-1A71-4AEB-9D6F-999AC66D655E}.Debug|Any CPU.ActiveCfg = Debug|Any CPU
		{D548760E-1A71-4AEB-9D6F-999AC66D655E}.Debug|Any CPU.Build.0 = Debug|Any CPU
		{D548760E-1A71-4AEB-9D6F-999AC66D655E}.Release|Any CPU.ActiveCfg = Release|Any CPU
		{D548760E-1A71-4AEB-9D6F-999AC66D655E}.Release|Any CPU.Build.0 = Release|Any CPU
		{13D5ECED-2CBA-4251-926B-CC5E75CD486A}.Debug|Any CPU.ActiveCfg = Debug|Any CPU
		{13D5ECED-2CBA-4251-926B-CC5E75CD486A}.Debug|Any CPU.Build.0 = Debug|Any CPU
		{13D5ECED-2CBA-4251-926B-CC5E75CD486A}.Release|Any CPU.ActiveCfg = Release|Any CPU
		{13D5ECED-2CBA-4251-926B-CC5E75CD486A}.Release|Any CPU.Build.0 = Release|Any CPU
		{F3E6811C-FD5B-495C-8527-9FDD37AF14D6}.Debug|Any CPU.ActiveCfg = Debug|Any CPU
		{F3E6811C-FD5B-495C-8527-9FDD37AF14D6}.Debug|Any CPU.Build.0 = Debug|Any CPU
		{F3E6811C-FD5B-495C-8527-9FDD37AF14D6}.Release|Any CPU.ActiveCfg = Release|Any CPU
		{F3E6811C-FD5B-495C-8527-9FDD37AF14D6}.Release|Any CPU.Build.0 = Release|Any CPU
		{48255112-7CB1-4067-B034-B8C915B527FB}.Debug|Any CPU.ActiveCfg = Debug|Any CPU
		{48255112-7CB1-4067-B034-B8C915B527FB}.Debug|Any CPU.Build.0 = Debug|Any CPU
		{48255112-7CB1-4067-B034-B8C915B527FB}.Release|Any CPU.ActiveCfg = Release|Any CPU
		{48255112-7CB1-4067-B034-B8C915B527FB}.Release|Any CPU.Build.0 = Release|Any CPU
		{6762DA2C-0C6F-4BF8-9593-DFF3C7DF2782}.Debug|Any CPU.ActiveCfg = Debug|Any CPU
		{6762DA2C-0C6F-4BF8-9593-DFF3C7DF2782}.Debug|Any CPU.Build.0 = Debug|Any CPU
		{6762DA2C-0C6F-4BF8-9593-DFF3C7DF2782}.Release|Any CPU.ActiveCfg = Release|Any CPU
		{6762DA2C-0C6F-4BF8-9593-DFF3C7DF2782}.Release|Any CPU.Build.0 = Release|Any CPU
		{5419A718-9BEF-481F-B523-90F57531E9D5}.Debug|Any CPU.ActiveCfg = Debug|Any CPU
		{5419A718-9BEF-481F-B523-90F57531E9D5}.Debug|Any CPU.Build.0 = Debug|Any CPU
		{5419A718-9BEF-481F-B523-90F57531E9D5}.Release|Any CPU.ActiveCfg = Release|Any CPU
		{5419A718-9BEF-481F-B523-90F57531E9D5}.Release|Any CPU.Build.0 = Release|Any CPU
		{D4DC1155-0628-4E21-9E6E-2C4B1D7FC9F7}.Debug|Any CPU.ActiveCfg = Debug|Any CPU
		{D4DC1155-0628-4E21-9E6E-2C4B1D7FC9F7}.Debug|Any CPU.Build.0 = Debug|Any CPU
		{D4DC1155-0628-4E21-9E6E-2C4B1D7FC9F7}.Release|Any CPU.ActiveCfg = Release|Any CPU
		{D4DC1155-0628-4E21-9E6E-2C4B1D7FC9F7}.Release|Any CPU.Build.0 = Release|Any CPU
		{4D699008-7708-42A5-8615-5FEB2C928BEB}.Debug|Any CPU.ActiveCfg = Debug|Any CPU
		{4D699008-7708-42A5-8615-5FEB2C928BEB}.Debug|Any CPU.Build.0 = Debug|Any CPU
		{4D699008-7708-42A5-8615-5FEB2C928BEB}.Release|Any CPU.ActiveCfg = Release|Any CPU
		{4D699008-7708-42A5-8615-5FEB2C928BEB}.Release|Any CPU.Build.0 = Release|Any CPU
		{E1864F29-4115-442C-9852-1F64B1FAE5C6}.Debug|Any CPU.ActiveCfg = Debug|Any CPU
		{E1864F29-4115-442C-9852-1F64B1FAE5C6}.Debug|Any CPU.Build.0 = Debug|Any CPU
		{E1864F29-4115-442C-9852-1F64B1FAE5C6}.Release|Any CPU.ActiveCfg = Release|Any CPU
		{E1864F29-4115-442C-9852-1F64B1FAE5C6}.Release|Any CPU.Build.0 = Release|Any CPU
		{CCF450B0-9661-4629-AC65-F527A0AA0ADB}.Debug|Any CPU.ActiveCfg = Debug|Any CPU
		{CCF450B0-9661-4629-AC65-F527A0AA0ADB}.Debug|Any CPU.Build.0 = Debug|Any CPU
		{CCF450B0-9661-4629-AC65-F527A0AA0ADB}.Release|Any CPU.ActiveCfg = Release|Any CPU
		{CCF450B0-9661-4629-AC65-F527A0AA0ADB}.Release|Any CPU.Build.0 = Release|Any CPU
		{513CE66F-52B2-44A8-9D04-E1ABA9BB4D98}.Debug|Any CPU.ActiveCfg = Debug|Any CPU
		{513CE66F-52B2-44A8-9D04-E1ABA9BB4D98}.Debug|Any CPU.Build.0 = Debug|Any CPU
		{513CE66F-52B2-44A8-9D04-E1ABA9BB4D98}.Release|Any CPU.ActiveCfg = Release|Any CPU
		{513CE66F-52B2-44A8-9D04-E1ABA9BB4D98}.Release|Any CPU.Build.0 = Release|Any CPU
		{F99E3855-466B-43E6-8E09-C7EA0842BADF}.Debug|Any CPU.ActiveCfg = Debug|Any CPU
		{F99E3855-466B-43E6-8E09-C7EA0842BADF}.Debug|Any CPU.Build.0 = Debug|Any CPU
		{F99E3855-466B-43E6-8E09-C7EA0842BADF}.Release|Any CPU.ActiveCfg = Release|Any CPU
		{F99E3855-466B-43E6-8E09-C7EA0842BADF}.Release|Any CPU.Build.0 = Release|Any CPU
		{B465A240-3523-40DD-B4E3-C996F8ECB4B4}.Debug|Any CPU.ActiveCfg = Debug|Any CPU
		{B465A240-3523-40DD-B4E3-C996F8ECB4B4}.Debug|Any CPU.Build.0 = Debug|Any CPU
		{B465A240-3523-40DD-B4E3-C996F8ECB4B4}.Release|Any CPU.ActiveCfg = Release|Any CPU
		{B465A240-3523-40DD-B4E3-C996F8ECB4B4}.Release|Any CPU.Build.0 = Release|Any CPU
	EndGlobalSection
	GlobalSection(SolutionProperties) = preSolution
		HideSolutionNode = FALSE
	EndGlobalSection
	GlobalSection(NestedProjects) = preSolution
		{70C243C8-8912-46D0-AA54-722D6CF35696} = {14338C67-8F15-4617-9C92-1DDEB562E2DF}
		{B0347C76-DC69-4220-9F32-13E813A5C484} = {14338C67-8F15-4617-9C92-1DDEB562E2DF}
		{14338C67-8F15-4617-9C92-1DDEB562E2DF} = {786E9029-8585-4B25-BC82-98D370BD36D7}
		{DF2265AB-83C9-429E-8EC4-28022FE18C99} = {F4FEEB63-AAF5-4F8B-BBAE-A94A279138C9}
		{86AE6DB5-EB9C-46B0-B181-2CA71F7A3E0C} = {F4FEEB63-AAF5-4F8B-BBAE-A94A279138C9}
		{F4FEEB63-AAF5-4F8B-BBAE-A94A279138C9} = {59A869F4-A5FA-4FF9-B115-4CFC23DFCEB1}
		{D548760E-1A71-4AEB-9D6F-999AC66D655E} = {2FB3C5E3-2A2F-41E6-A33C-46118A1AD9CF}
		{13D5ECED-2CBA-4251-926B-CC5E75CD486A} = {2FB3C5E3-2A2F-41E6-A33C-46118A1AD9CF}
		{2FB3C5E3-2A2F-41E6-A33C-46118A1AD9CF} = {59A869F4-A5FA-4FF9-B115-4CFC23DFCEB1}
		{F3E6811C-FD5B-495C-8527-9FDD37AF14D6} = {238E26A7-1B0A-40C1-8017-400A65586FCE}
		{48255112-7CB1-4067-B034-B8C915B527FB} = {238E26A7-1B0A-40C1-8017-400A65586FCE}
		{238E26A7-1B0A-40C1-8017-400A65586FCE} = {59A869F4-A5FA-4FF9-B115-4CFC23DFCEB1}
		{6762DA2C-0C6F-4BF8-9593-DFF3C7DF2782} = {3213E47E-AEC4-41FE-A16B-7B1A1B22EB4B}
		{5419A718-9BEF-481F-B523-90F57531E9D5} = {3213E47E-AEC4-41FE-A16B-7B1A1B22EB4B}
		{3213E47E-AEC4-41FE-A16B-7B1A1B22EB4B} = {59A869F4-A5FA-4FF9-B115-4CFC23DFCEB1}
		{D4DC1155-0628-4E21-9E6E-2C4B1D7FC9F7} = {806A8C2F-06F3-4DE5-A0E3-777FCA044177}
		{4D699008-7708-42A5-8615-5FEB2C928BEB} = {806A8C2F-06F3-4DE5-A0E3-777FCA044177}
		{806A8C2F-06F3-4DE5-A0E3-777FCA044177} = {59A869F4-A5FA-4FF9-B115-4CFC23DFCEB1}
		{59A869F4-A5FA-4FF9-B115-4CFC23DFCEB1} = {786E9029-8585-4B25-BC82-98D370BD36D7}
		{786E9029-8585-4B25-BC82-98D370BD36D7} = {6346CB59-F29A-4BCF-899E-0BBC2DAE8620}
		{E1864F29-4115-442C-9852-1F64B1FAE5C6} = {6346CB59-F29A-4BCF-899E-0BBC2DAE8620}
		{CCF450B0-9661-4629-AC65-F527A0AA0ADB} = {6346CB59-F29A-4BCF-899E-0BBC2DAE8620}
		{6346CB59-F29A-4BCF-899E-0BBC2DAE8620} = {8D5DAF8E-DC0F-4E16-A6A7-CB6583865F34}
		{513CE66F-52B2-44A8-9D04-E1ABA9BB4D98} = {D3A3A213-4F5B-4B2C-B473-C5E2693AF702}
		{D3A3A213-4F5B-4B2C-B473-C5E2693AF702} = {8D5DAF8E-DC0F-4E16-A6A7-CB6583865F34}
		{F99E3855-466B-43E6-8E09-C7EA0842BADF} = {22E5C367-8821-4477-A345-49C736DD4426}
		{22E5C367-8821-4477-A345-49C736DD4426} = {8D5DAF8E-DC0F-4E16-A6A7-CB6583865F34}
		{B465A240-3523-40DD-B4E3-C996F8ECB4B4} = {6E8A7EDB-EA82-4B21-A4F3-2EB7D2F1B0B0}
		{6E8A7EDB-EA82-4B21-A4F3-2EB7D2F1B0B0} = {8D5DAF8E-DC0F-4E16-A6A7-CB6583865F34}
	EndGlobalSection
	GlobalSection(ExtensibilityGlobals) = postSolution
		SolutionGuid = {54D6364E-3E45-4C9B-86E6-8C3729F834CD}
	EndGlobalSection
EndGlobal
